
Microsoft Visual Studio Solution File, Format Version 12.00
# Visual Studio Version 17
VisualStudioVersion = 17.14.36930.0 d17.14
MinimumVisualStudioVersion = 10.0.40219.1
Project("{FAE04EC0-301F-11D3-BF4B-00C04F79EFBC}") = "MPYakan", "MPYakan.csproj", "{A7906520-8EE6-49F7-9CF5-1D87427AB910}"
EndProject
Global
	GlobalSection(SolutionConfigurationPlatforms) = preSolution
		Debug|Any CPU = Debug|Any CPU
		Release|Any CPU = Release|Any CPU
	EndGlobalSection
	GlobalSection(ProjectConfigurationPlatforms) = postSolution
		{A7906520-8EE6-49F7-9CF5-1D87427AB910}.Debug|Any CPU.ActiveCfg = Debug|Any CPU
		{A7906520-8EE6-49F7-9CF5-1D87427AB910}.Debug|Any CPU.Build.0 = Debug|Any CPU
		{A7906520-8EE6-49F7-9CF5-1D87427AB910}.Release|Any CPU.ActiveCfg = Release|Any CPU
		{A7906520-8EE6-49F7-9CF5-1D87427AB910}.Release|Any CPU.Build.0 = Release|Any CPU
	EndGlobalSection
	GlobalSection(SolutionProperties) = preSolution
		HideSolutionNode = FALSE
	EndGlobalSection
	GlobalSection(ExtensibilityGlobals) = postSolution
		SolutionGuid = {A4961A67-1959-4667-A553-B5B57E025818}
	EndGlobalSection
EndGlobal
